
Microsoft Visual Studio Solution File, Format Version 12.00
# Visual Studio Version 17
VisualStudioVersion = 17.14.36511.14 d17.14
MinimumVisualStudioVersion = 10.0.40219.1
Project("{FAE04EC0-301F-11D3-BF4B-00C04F79EFBC}") = "Laboratorio11", "Laboratorio11\Laboratorio11.csproj", "{06B769AA-23DA-4B8A-A4F6-A57BC61D43BF}"
EndProject
Global
	GlobalSection(SolutionConfigurationPlatforms) = preSolution
		Debug|Any CPU = Debug|Any CPU
		Release|Any CPU = Release|Any CPU
	EndGlobalSection
	GlobalSection(ProjectConfigurationPlatforms) = postSolution
		{06B769AA-23DA-4B8A-A4F6-A57BC61D43BF}.Debug|Any CPU.ActiveCfg = Debug|Any CPU
		{06B769AA-23DA-4B8A-A4F6-A57BC61D43BF}.Debug|Any CPU.Build.0 = Debug|Any CPU
		{06B769AA-23DA-4B8A-A4F6-A57BC61D43BF}.Release|Any CPU.ActiveCfg = Release|Any CPU
		{06B769AA-23DA-4B8A-A4F6-A57BC61D43BF}.Release|Any CPU.Build.0 = Release|Any CPU
	EndGlobalSection
	GlobalSection(SolutionProperties) = preSolution
		HideSolutionNode = FALSE
	EndGlobalSection
	GlobalSection(ExtensibilityGlobals) = postSolution
		SolutionGuid = {BA956941-73DE-49E7-9A9A-854DAB8DCB4C}
	EndGlobalSection
EndGlobal
