
Microsoft Visual Studio Solution File, Format Version 12.00
# Visual Studio Version 17
VisualStudioVersion = 17.14.36511.14 d17.14
MinimumVisualStudioVersion = 10.0.40219.1
Project("{FAE04EC0-301F-11D3-BF4B-00C04F79EFBC}") = "Laboratorio7", "Laboratorio7\Laboratorio7.csproj", "{EB5D6134-865E-4C61-80A9-CE06021E5316}"
EndProject
Project("{FAE04EC0-301F-11D3-BF4B-00C04F79EFBC}") = "Laboratorio7-1", "Laboratorio7-1\Laboratorio7-1.csproj", "{621E0E24-7837-4A82-BE37-3EC28A919B53}"
EndProject
Project("{FAE04EC0-301F-11D3-BF4B-00C04F79EFBC}") = "Laboratorio7-2", "Laboratorio7-2\Laboratorio7-2.csproj", "{DE6868B0-B882-4ED3-ADF8-3ADC3D0D499C}"
EndProject
Global
	GlobalSection(SolutionConfigurationPlatforms) = preSolution
		Debug|Any CPU = Debug|Any CPU
		Release|Any CPU = Release|Any CPU
	EndGlobalSection
	GlobalSection(ProjectConfigurationPlatforms) = postSolution
		{EB5D6134-865E-4C61-80A9-CE06021E5316}.Debug|Any CPU.ActiveCfg = Debug|Any CPU
		{EB5D6134-865E-4C61-80A9-CE06021E5316}.Debug|Any CPU.Build.0 = Debug|Any CPU
		{EB5D6134-865E-4C61-80A9-CE06021E5316}.Release|Any CPU.ActiveCfg = Release|Any CPU
		{EB5D6134-865E-4C61-80A9-CE06021E5316}.Release|Any CPU.Build.0 = Release|Any CPU
		{621E0E24-7837-4A82-BE37-3EC28A919B53}.Debug|Any CPU.ActiveCfg = Debug|Any CPU
		{621E0E24-7837-4A82-BE37-3EC28A919B53}.Debug|Any CPU.Build.0 = Debug|Any CPU
		{621E0E24-7837-4A82-BE37-3EC28A919B53}.Release|Any CPU.ActiveCfg = Release|Any CPU
		{621E0E24-7837-4A82-BE37-3EC28A919B53}.Release|Any CPU.Build.0 = Release|Any CPU
		{DE6868B0-B882-4ED3-ADF8-3ADC3D0D499C}.Debug|Any CPU.ActiveCfg = Debug|Any CPU
		{DE6868B0-B882-4ED3-ADF8-3ADC3D0D499C}.Debug|Any CPU.Build.0 = Debug|Any CPU
		{DE6868B0-B882-4ED3-ADF8-3ADC3D0D499C}.Release|Any CPU.ActiveCfg = Release|Any CPU
		{DE6868B0-B882-4ED3-ADF8-3ADC3D0D499C}.Release|Any CPU.Build.0 = Release|Any CPU
	EndGlobalSection
	GlobalSection(SolutionProperties) = preSolution
		HideSolutionNode = FALSE
	EndGlobalSection
	GlobalSection(ExtensibilityGlobals) = postSolution
		SolutionGuid = {116C1CAB-5697-4189-B4EF-17DC98E5E538}
	EndGlobalSection
EndGlobal
