
Microsoft Visual Studio Solution File, Format Version 12.00
# Visual Studio Version 17
VisualStudioVersion = 17.14.36616.10
MinimumVisualStudioVersion = 10.0.40219.1
Project("{FAE04EC0-301F-11D3-BF4B-00C04F79EFBC}") = "Laboratorio18", "Laboratorio18\Laboratorio18.csproj", "{110B871E-D6C4-47E7-A603-60B59515907E}"
EndProject
Global
	GlobalSection(SolutionConfigurationPlatforms) = preSolution
		Debug|Any CPU = Debug|Any CPU
		Release|Any CPU = Release|Any CPU
	EndGlobalSection
	GlobalSection(ProjectConfigurationPlatforms) = postSolution
		{110B871E-D6C4-47E7-A603-60B59515907E}.Debug|Any CPU.ActiveCfg = Debug|Any CPU
		{110B871E-D6C4-47E7-A603-60B59515907E}.Debug|Any CPU.Build.0 = Debug|Any CPU
		{110B871E-D6C4-47E7-A603-60B59515907E}.Release|Any CPU.ActiveCfg = Release|Any CPU
		{110B871E-D6C4-47E7-A603-60B59515907E}.Release|Any CPU.Build.0 = Release|Any CPU
	EndGlobalSection
	GlobalSection(SolutionProperties) = preSolution
		HideSolutionNode = FALSE
	EndGlobalSection
	GlobalSection(ExtensibilityGlobals) = postSolution
		SolutionGuid = {52B832FA-6358-401D-8E83-84F151476FA6}
	EndGlobalSection
EndGlobal
